
Microsoft Visual Studio Solution File, Format Version 12.00
# Visual Studio 15
VisualStudioVersion = 15.0.26730.12
MinimumVisualStudioVersion = 10.0.40219.1
Project("{FAE04EC0-301F-11D3-BF4B-00C04F79EFBC}") = "DGTask", "DGTask\DGTask.csproj", "{66238624-5AA9-46B8-AE00-18E160567FBF}"
EndProject
Global
	GlobalSection(SolutionConfigurationPlatforms) = preSolution
		Debug|Any CPU = Debug|Any CPU
		Release|Any CPU = Release|Any CPU
	EndGlobalSection
	GlobalSection(ProjectConfigurationPlatforms) = postSolution
		{66238624-5AA9-46B8-AE00-18E160567FBF}.Debug|Any CPU.ActiveCfg = Debug|Any CPU
		{66238624-5AA9-46B8-AE00-18E160567FBF}.Debug|Any CPU.Build.0 = Debug|Any CPU
		{66238624-5AA9-46B8-AE00-18E160567FBF}.Release|Any CPU.ActiveCfg = Release|Any CPU
		{66238624-5AA9-46B8-AE00-18E160567FBF}.Release|Any CPU.Build.0 = Release|Any CPU
	EndGlobalSection
	GlobalSection(SolutionProperties) = preSolution
		HideSolutionNode = FALSE
	EndGlobalSection
	GlobalSection(ExtensibilityGlobals) = postSolution
		SolutionGuid = {6E4B5B9A-6CB2-4AA8-992A-8A5306E480F5}
	EndGlobalSection
EndGlobal
